
Microsoft Visual Studio Solution File, Format Version 12.00
# Visual Studio Version 17
VisualStudioVersion = 17.10.35122.118
MinimumVisualStudioVersion = 10.0.40219.1
Project("{FAE04EC0-301F-11D3-BF4B-00C04F79EFBC}") = "TopGun", "TopGun\TopGun.csproj", "{2102F30C-9381-4D74-A45A-D211D6D386E9}"
EndProject
Project("{9A19103F-16F7-4668-BE54-9A1E7A4F7556}") = "AnasStudio.Engine", "..\..\AnasStudio\src\Engine\AnasStudio.Engine\AnasStudio.Engine.csproj", "{F117ACEA-0F98-4021-AC0B-1339963D8294}"
EndProject
Global
	GlobalSection(SolutionConfigurationPlatforms) = preSolution
		Debug|Any CPU = Debug|Any CPU
		Release|Any CPU = Release|Any CPU
	EndGlobalSection
	GlobalSection(ProjectConfigurationPlatforms) = postSolution
		{2102F30C-9381-4D74-A45A-D211D6D386E9}.Debug|Any CPU.ActiveCfg = Debug|Any CPU
		{2102F30C-9381-4D74-A45A-D211D6D386E9}.Debug|Any CPU.Build.0 = Debug|Any CPU
		{2102F30C-9381-4D74-A45A-D211D6D386E9}.Release|Any CPU.ActiveCfg = Release|Any CPU
		{2102F30C-9381-4D74-A45A-D211D6D386E9}.Release|Any CPU.Build.0 = Release|Any CPU
		{F117ACEA-0F98-4021-AC0B-1339963D8294}.Debug|Any CPU.ActiveCfg = Debug|Any CPU
		{F117ACEA-0F98-4021-AC0B-1339963D8294}.Debug|Any CPU.Build.0 = Debug|Any CPU
		{F117ACEA-0F98-4021-AC0B-1339963D8294}.Release|Any CPU.ActiveCfg = Release|Any CPU
		{F117ACEA-0F98-4021-AC0B-1339963D8294}.Release|Any CPU.Build.0 = Release|Any CPU
	EndGlobalSection
	GlobalSection(SolutionProperties) = preSolution
		HideSolutionNode = FALSE
	EndGlobalSection
	GlobalSection(ExtensibilityGlobals) = postSolution
		SolutionGuid = {73D858F6-C955-402D-A5B1-5B67831BCBF5}
	EndGlobalSection
EndGlobal
